// !$*UTF8*$!
{
	archiveVersion = 1;
	classes = {
	};
	objectVersion = 46;
	objects = {

/* Begin PBXBuildFile section */
		F43A05131D855692007F759F /* DetailVC.swift in Sources */ = {isa = PBXBuildFile; fileRef = F43A05121D855692007F759F /* DetailVC.swift */; };
		F43A051A1D85B9B0007F759F /* message.png in Resources */ = {isa = PBXBuildFile; fileRef = F43A05181D85B9B0007F759F /* message.png */; };
		F43A051B1D85B9B0007F759F /* phone.png in Resources */ = {isa = PBXBuildFile; fileRef = F43A05191D85B9B0007F759F /* phone.png */; };
		F478E4461D73F4710070D579 /* TableViewController.swift in Sources */ = {isa = PBXBuildFile; fileRef = F478E4451D73F4710070D579 /* TableViewController.swift */; };
		F478E4481D73F89B0070D579 /* Person.swift in Sources */ = {isa = PBXBuildFile; fileRef = F478E4471D73F89B0070D579 /* Person.swift */; };
		F4E0141B1D73F38C00AC0875 /* AppDelegate.swift in Sources */ = {isa = PBXBuildFile; fileRef = F4E0141A1D73F38C00AC0875 /* AppDelegate.swift */; };
		F4E014221D73F38C00AC0875 /* Assets.xcassets in Resources */ = {isa = PBXBuildFile; fileRef = F4E014211D73F38C00AC0875 /* Assets.xcassets */; };
		F4E014251D73F38C00AC0875 /* LaunchScreen.storyboard in Resources */ = {isa = PBXBuildFile; fileRef = F4E014231D73F38C00AC0875 /* LaunchScreen.storyboard */; };
/* End PBXBuildFile section */

/* Begin PBXFileReference section */
		F43A05121D855692007F759F /* DetailVC.swift */ = {isa = PBXFileReference; fileEncoding = 4; lastKnownFileType = sourcecode.swift; path = DetailVC.swift; sourceTree = "<group>"; };
		F43A05181D85B9B0007F759F /* message.png */ = {isa = PBXFileReference; lastKnownFileType = image.png; path = message.png; sourceTree = "<group>"; };
		F43A05191D85B9B0007F759F /* phone.png */ = {isa = PBXFileReference; lastKnownFileType = image.png; path = phone.png; sourceTree = "<group>"; };
		F478E4451D73F4710070D579 /* TableViewController.swift */ = {isa = PBXFileReference; fileEncoding = 4; lastKnownFileType = sourcecode.swift; path = TableViewController.swift; sourceTree = "<group>"; };
		F478E4471D73F89B0070D579 /* Person.swift */ = {isa = PBXFileReference; fileEncoding = 4; lastKnownFileType = sourcecode.swift; path = Person.swift; sourceTree = "<group>"; };
		F4E014171D73F38C00AC0875 /* ContactsApp.app */ = {isa = PBXFileReference; explicitFileType = wrapper.application; includeInIndex = 0; path = ContactsApp.app; sourceTree = BUILT_PRODUCTS_DIR; };
		F4E0141A1D73F38C00AC0875 /* AppDelegate.swift */ = {isa = PBXFileReference; lastKnownFileType = sourcecode.swift; path = AppDelegate.swift; sourceTree = "<group>"; };
		F4E014211D73F38C00AC0875 /* Assets.xcassets */ = {isa = PBXFileReference; lastKnownFileType = folder.assetcatalog; path = Assets.xcassets; sourceTree = "<group>"; };
		F4E014241D73F38C00AC0875 /* Base */ = {isa = PBXFileReference; lastKnownFileType = file.storyboard; name = Base; path = Base.lproj/LaunchScreen.storyboard; sourceTree = "<group>"; };
		F4E014261D73F38C00AC0875 /* Info.plist */ = {isa = PBXFileReference; lastKnownFileType = text.plist.xml; path = Info.plist; sourceTree = "<group>"; };
/* End PBXFileReference section */

/* Begin PBXFrameworksBuildPhase section */
		F4E014141D73F38C00AC0875 /* Frameworks */ = {
			isa = PBXFrameworksBuildPhase;
			buildActionMask = 2147483647;
			files = (
			);
			runOnlyForDeploymentPostprocessing = 0;
		};
/* End PBXFrameworksBuildPhase section */

/* Begin PBXGroup section */
		F4E0140E1D73F38C00AC0875 = {
			isa = PBXGroup;
			children = (
				F4E014191D73F38C00AC0875 /* ContactsApp */,
				F4E014181D73F38C00AC0875 /* Products */,
			);
			sourceTree = "<group>";
		};
		F4E014181D73F38C00AC0875 /* Products */ = {
			isa = PBXGroup;
			children = (
				F4E014171D73F38C00AC0875 /* ContactsApp.app */,
			);
			name = Products;
			sourceTree = "<group>";
		};
		F4E014191D73F38C00AC0875 /* ContactsApp */ = {
			isa = PBXGroup;
			children = (
				F43A05181D85B9B0007F759F /* message.png */,
				F43A05191D85B9B0007F759F /* phone.png */,
				F4E0141A1D73F38C00AC0875 /* AppDelegate.swift */,
				F4E014211D73F38C00AC0875 /* Assets.xcassets */,
				F4E014231D73F38C00AC0875 /* LaunchScreen.storyboard */,
				F4E014261D73F38C00AC0875 /* Info.plist */,
				F478E4451D73F4710070D579 /* TableViewController.swift */,
				F478E4471D73F89B0070D579 /* Person.swift */,
				F43A05121D855692007F759F /* DetailVC.swift */,
			);
			path = ContactsApp;
			sourceTree = "<group>";
		};
/* End PBXGroup section */

/* Begin PBXNativeTarget section */
		F4E014161D73F38C00AC0875 /* ContactsApp */ = {
			isa = PBXNativeTarget;
			buildConfigurationList = F4E014291D73F38C00AC0875 /* Build configuration list for PBXNativeTarget "ContactsApp" */;
			buildPhases = (
				F4E014131D73F38C00AC0875 /* Sources */,
				F4E014141D73F38C00AC0875 /* Frameworks */,
				F4E014151D73F38C00AC0875 /* Resources */,
			);
			buildRules = (
			);
			dependencies = (
			);
			name = ContactsApp;
			productName = ContactsApp;
			productReference = F4E014171D73F38C00AC0875 /* ContactsApp.app */;
			productType = "com.apple.product-type.application";
		};
/* End PBXNativeTarget section */

/* Begin PBXProject section */
		F4E0140F1D73F38C00AC0875 /* Project object */ = {
			isa = PBXProject;
			attributes = {
				LastSwiftUpdateCheck = 0730;
				LastUpgradeCheck = 0730;
				ORGANIZATIONNAME = GDG;
				TargetAttributes = {
					F4E014161D73F38C00AC0875 = {
						CreatedOnToolsVersion = 7.3.1;
					};
				};
			};
			buildConfigurationList = F4E014121D73F38C00AC0875 /* Build configuration list for PBXProject "ContactsApp" */;
			compatibilityVersion = "Xcode 3.2";
			developmentRegion = English;
			hasScannedForEncodings = 0;
			knownRegions = (
				en,
				Base,
			);
			mainGroup = F4E0140E1D73F38C00AC0875;
			productRefGroup = F4E014181D73F38C00AC0875 /* Products */;
			projectDirPath = "";
			projectRoot = "";
			targets = (
				F4E014161D73F38C00AC0875 /* ContactsApp */,
			);
		};
/* End PBXProject section */

/* Begin PBXResourcesBuildPhase section */
		F4E014151D73F38C00AC0875 /* Resources */ = {
			isa = PBXResourcesBuildPhase;
			buildActionMask = 2147483647;
			files = (
				F4E014251D73F38C00AC0875 /* LaunchScreen.storyboard in Resources */,
				F4E014221D73F38C00AC0875 /* Assets.xcassets in Resources */,
				F43A051B1D85B9B0007F759F /* phone.png in Resources */,
				F43A051A1D85B9B0007F759F /* message.png in Resources */,
			);
			runOnlyForDeploymentPostprocessing = 0;
		};
/* End PBXResourcesBuildPhase section */

/* Begin PBXSourcesBuildPhase section */
		F4E014131D73F38C00AC0875 /* Sources */ = {
			isa = PBXSourcesBuildPhase;
			buildActionMask = 2147483647;
			files = (
				F478E4481D73F89B0070D579 /* Person.swift in Sources */,
				F43A05131D855692007F759F /* DetailVC.swift in Sources */,
				F4E0141B1D73F38C00AC0875 /* AppDelegate.swift in Sources */,
				F478E4461D73F4710070D579 /* TableViewController.swift in Sources */,
			);
			runOnlyForDeploymentPostprocessing = 0;
		};
/* End PBXSourcesBuildPhase section */

/* Begin PBXVariantGroup section */
		F4E014231D73F38C00AC0875 /* LaunchScreen.storyboard */ = {
			isa = PBXVariantGroup;
			children = (
				F4E014241D73F38C00AC0875 /* Base */,
			);
			name = LaunchScreen.storyboard;
			sourceTree = "<group>";
		};
/* End PBXVariantGroup section */

/* Begin XCBuildConfiguration section */
		F4E014271D73F38C00AC0875 /* Debug */ = {
			isa = XCBuildConfiguration;
			buildSettings = {
				ALWAYS_SEARCH_USER_PATHS = NO;
				CLANG_ANALYZER_NONNULL = YES;
				CLANG_CXX_LANGUAGE_STANDARD = "gnu++0x";
				CLANG_CXX_LIBRARY = "libc++";
				CLANG_ENABLE_MODULES = YES;
				CLANG_ENABLE_OBJC_ARC = YES;
				CLANG_WARN_BOOL_CONVERSION = YES;
				CLANG_WARN_CONSTANT_CONVERSION = YES;
				CLANG_WARN_DIRECT_OBJC_ISA_USAGE = YES_ERROR;
				CLANG_WARN_EMPTY_BODY = YES;
				CLANG_WARN_ENUM_CONVERSION = YES;
				CLANG_WARN_INT_CONVERSION = YES;
				CLANG_WARN_OBJC_ROOT_CLASS = YES_ERROR;
				CLANG_WARN_UNREACHABLE_CODE = YES;
				CLANG_WARN__DUPLICATE_METHOD_MATCH = YES;
				"CODE_SIGN_IDENTITY[sdk=iphoneos*]" = "iPhone Developer";
				COPY_PHASE_STRIP = NO;
				DEBUG_INFORMATION_FORMAT = dwarf;
				ENABLE_STRICT_OBJC_MSGSEND = YES;
				ENABLE_TESTABILITY = YES;
				GCC_C_LANGUAGE_STANDARD = gnu99;
				GCC_DYNAMIC_NO_PIC = NO;
				GCC_NO_COMMON_BLOCKS = YES;
				GCC_OPTIMIZATION_LEVEL = 0;
				GCC_PREPROCESSOR_DEFINITIONS = (
					"DEBUG=1",
					"$(inherited)",
				);
				GCC_WARN_64_TO_32_BIT_CONVERSION = YES;
				GCC_WARN_ABOUT_RETURN_TYPE = YES_ERROR;
				GCC_WARN_UNDECLARED_SELECTOR = YES;
				GCC_WARN_UNINITIALIZED_AUTOS = YES_AGGRESSIVE;
				GCC_WARN_UNUSED_FUNCTION = YES;
				GCC_WARN_UNUSED_VARIABLE = YES;
				IPHONEOS_DEPLOYMENT_TARGET = 9.3;
				MTL_ENABLE_DEBUG_INFO = YES;
				ONLY_ACTIVE_ARCH = YES;
				SDKROOT = iphoneos;
				SWIFT_OPTIMIZATION_LEVEL = "-Onone";
			};
			name = Debug;
		};
		F4E014281D73F38C00AC0875 /* Release */ = {
			isa = XCBuildConfiguration;
			buildSettings = {
				ALWAYS_SEARCH_USER_PATHS = NO;
				CLANG_ANALYZER_NONNULL = YES;
				CLANG_CXX_LANGUAGE_STANDARD = "gnu++0x";
				CLANG_CXX_LIBRARY = "libc++";
				CLANG_ENABLE_MODULES = YES;
				CLANG_ENABLE_OBJC_ARC = YES;
				CLANG_WARN_BOOL_CONVERSION = YES;
				CLANG_WARN_CONSTANT_CONVERSION = YES;
				CLANG_WARN_DIRECT_OBJC_ISA_USAGE = YES_ERROR;
				CLANG_WARN_EMPTY_BODY = YES;
				CLANG_WARN_ENUM_CONVERSION = YES;
				CLANG_WARN_INT_CONVERSION = YES;
				CLANG_WARN_OBJC_ROOT_CLASS = YES_ERROR;
				CLANG_WARN_UNREACHABLE_CODE = YES;
				CLANG_WARN__DUPLICATE_METHOD_MATCH = YES;
				"CODE_SIGN_IDENTITY[sdk=iphoneos*]" = "iPhone Developer";
				COPY_PHASE_STRIP = NO;
				DEBUG_INFORMATION_FORMAT = "dwarf-with-dsym";
				ENABLE_NS_ASSERTIONS = NO;
				ENABLE_STRICT_OBJC_MSGSEND = YES;
				GCC_C_LANGUAGE_STANDARD = gnu99;
				GCC_NO_COMMON_BLOCKS = YES;
				GCC_WARN_64_TO_32_BIT_CONVERSION = YES;
				GCC_WARN_ABOUT_RETURN_TYPE = YES_ERROR;
				GCC_WARN_UNDECLARED_SELECTOR = YES;
				GCC_WARN_UNINITIALIZED_AUTOS = YES_AGGRESSIVE;
				GCC_WARN_UNUSED_FUNCTION = YES;
				GCC_WARN_UNUSED_VARIABLE = YES;
				IPHONEOS_DEPLOYMENT_TARGET = 9.3;
				MTL_ENABLE_DEBUG_INFO = NO;
				SDKROOT = iphoneos;
				VALIDATE_PRODUCT = YES;
			};
			name = Release;
		};
		F4E0142A1D73F38C00AC0875 /* Debug */ = {
			isa = XCBuildConfiguration;
			buildSettings = {
				ASSETCATALOG_COMPILER_APPICON_NAME = AppIcon;
				INFOPLIST_FILE = ContactsApp/Info.plist;
				LD_RUNPATH_SEARCH_PATHS = "$(inherited) @executable_path/Frameworks";
				PRODUCT_BUNDLE_IDENTIFIER = gdg.demo.ContactsApp;
				PRODUCT_NAME = "$(TARGET_NAME)";
			};
			name = Debug;
		};
		F4E0142B1D73F38C00AC0875 /* Release */ = {
			isa = XCBuildConfiguration;
			buildSettings = {
				ASSETCATALOG_COMPILER_APPICON_NAME = AppIcon;
				INFOPLIST_FILE = ContactsApp/Info.plist;
				LD_RUNPATH_SEARCH_PATHS = "$(inherited) @executable_path/Frameworks";
				PRODUCT_BUNDLE_IDENTIFIER = gdg.demo.ContactsApp;
				PRODUCT_NAME = "$(TARGET_NAME)";
			};
			name = Release;
		};
/* End XCBuildConfiguration section */

/* Begin XCConfigurationList section */
		F4E014121D73F38C00AC0875 /* Build configuration list for PBXProject "ContactsApp" */ = {
			isa = XCConfigurationList;
			buildConfigurations = (
				F4E014271D73F38C00AC0875 /* Debug */,
				F4E014281D73F38C00AC0875 /* Release */,
			);
			defaultConfigurationIsVisible = 0;
			defaultConfigurationName = Release;
		};
		F4E014291D73F38C00AC0875 /* Build configuration list for PBXNativeTarget "ContactsApp" */ = {
			isa = XCConfigurationList;
			buildConfigurations = (
				F4E0142A1D73F38C00AC0875 /* Debug */,
				F4E0142B1D73F38C00AC0875 /* Release */,
			);
			defaultConfigurationIsVisible = 0;
			defaultConfigurationName = Release;
		};
/* End XCConfigurationList section */
	};
	rootObject = F4E0140F1D73F38C00AC0875 /* Project object */;
}
